
Microsoft Visual Studio Solution File, Format Version 12.00
# Visual Studio 2012
Project("{8BC9CEB8-8B4A-11D0-8D11-00A0C91BC942}") = "TestRegex", "TestRegex\TestRegex.vcxproj", "{78FECD80-84D6-433F-84E3-3641AEE52A4F}"
EndProject
Global
	GlobalSection(SolutionConfigurationPlatforms) = preSolution
		Debug|Win32 = Debug|Win32
		Release|Win32 = Release|Win32
	EndGlobalSection
	GlobalSection(ProjectConfigurationPlatforms) = postSolution
		{78FECD80-84D6-433F-84E3-3641AEE52A4F}.Debug|Win32.ActiveCfg = Debug|Win32
		{78FECD80-84D6-433F-84E3-3641AEE52A4F}.Debug|Win32.Build.0 = Debug|Win32
		{78FECD80-84D6-433F-84E3-3641AEE52A4F}.Release|Win32.ActiveCfg = Release|Win32
		{78FECD80-84D6-433F-84E3-3641AEE52A4F}.Release|Win32.Build.0 = Release|Win32
	EndGlobalSection
	GlobalSection(SolutionProperties) = preSolution
		HideSolutionNode = FALSE
	EndGlobalSection
EndGlobal
